// !$*UTF8*$!
{
	archiveVersion = 1;
	classes = {
	};
	objectVersion = 55;
	objects = {

/* Begin PBXBuildFile section */
		A478F0B62765D6FB00FFB258 /* HistoryDetail.swift in Sources */ = {isa = PBXBuildFile; fileRef = A478F0B52765D6FB00FFB258 /* HistoryDetail.swift */; };
		A48AD105275E7E96006B2ACF /* eatApp.swift in Sources */ = {isa = PBXBuildFile; fileRef = A48AD104275E7E96006B2ACF /* eatApp.swift */; };
		A48AD107275E7E96006B2ACF /* Login.swift in Sources */ = {isa = PBXBuildFile; fileRef = A48AD106275E7E96006B2ACF /* Login.swift */; };
		A48AD109275E7E98006B2ACF /* Assets.xcassets in Resources */ = {isa = PBXBuildFile; fileRef = A48AD108275E7E98006B2ACF /* Assets.xcassets */; };
		A48AD10C275E7E98006B2ACF /* Preview Assets.xcassets in Resources */ = {isa = PBXBuildFile; fileRef = A48AD10B275E7E98006B2ACF /* Preview Assets.xcassets */; };
		A48AD11327608942006B2ACF /* HomeView.swift in Sources */ = {isa = PBXBuildFile; fileRef = A48AD11227608942006B2ACF /* HomeView.swift */; };
		A48AD1152760DEA8006B2ACF /* Recipes.swift in Sources */ = {isa = PBXBuildFile; fileRef = A48AD1142760DEA7006B2ACF /* Recipes.swift */; };
		A48AD1172760DED1006B2ACF /* Videos.swift in Sources */ = {isa = PBXBuildFile; fileRef = A48AD1162760DED1006B2ACF /* Videos.swift */; };
		A48AD1192760DEEC006B2ACF /* History.swift in Sources */ = {isa = PBXBuildFile; fileRef = A48AD1182760DEEC006B2ACF /* History.swift */; };
		A48AD11B2760DF0A006B2ACF /* personal.swift in Sources */ = {isa = PBXBuildFile; fileRef = A48AD11A2760DF0A006B2ACF /* personal.swift */; };
		A48AD11D27619263006B2ACF /* RecipeDetail.swift in Sources */ = {isa = PBXBuildFile; fileRef = A48AD11C27619263006B2ACF /* RecipeDetail.swift */; };
/* End PBXBuildFile section */

/* Begin PBXFileReference section */
		A478F0B52765D6FB00FFB258 /* HistoryDetail.swift */ = {isa = PBXFileReference; lastKnownFileType = sourcecode.swift; path = HistoryDetail.swift; sourceTree = "<group>"; };
		A48AD101275E7E96006B2ACF /* eat.app */ = {isa = PBXFileReference; explicitFileType = wrapper.application; includeInIndex = 0; path = eat.app; sourceTree = BUILT_PRODUCTS_DIR; };
		A48AD104275E7E96006B2ACF /* eatApp.swift */ = {isa = PBXFileReference; lastKnownFileType = sourcecode.swift; path = eatApp.swift; sourceTree = "<group>"; };
		A48AD106275E7E96006B2ACF /* Login.swift */ = {isa = PBXFileReference; lastKnownFileType = sourcecode.swift; path = Login.swift; sourceTree = "<group>"; };
		A48AD108275E7E98006B2ACF /* Assets.xcassets */ = {isa = PBXFileReference; lastKnownFileType = folder.assetcatalog; path = Assets.xcassets; sourceTree = "<group>"; };
		A48AD10B275E7E98006B2ACF /* Preview Assets.xcassets */ = {isa = PBXFileReference; lastKnownFileType = folder.assetcatalog; path = "Preview Assets.xcassets"; sourceTree = "<group>"; };
		A48AD11227608942006B2ACF /* HomeView.swift */ = {isa = PBXFileReference; lastKnownFileType = sourcecode.swift; path = HomeView.swift; sourceTree = "<group>"; };
		A48AD1142760DEA7006B2ACF /* Recipes.swift */ = {isa = PBXFileReference; lastKnownFileType = sourcecode.swift; path = Recipes.swift; sourceTree = "<group>"; };
		A48AD1162760DED1006B2ACF /* Videos.swift */ = {isa = PBXFileReference; lastKnownFileType = sourcecode.swift; path = Videos.swift; sourceTree = "<group>"; };
		A48AD1182760DEEC006B2ACF /* History.swift */ = {isa = PBXFileReference; lastKnownFileType = sourcecode.swift; path = History.swift; sourceTree = "<group>"; };
		A48AD11A2760DF0A006B2ACF /* personal.swift */ = {isa = PBXFileReference; lastKnownFileType = sourcecode.swift; path = personal.swift; sourceTree = "<group>"; };
		A48AD11C27619263006B2ACF /* RecipeDetail.swift */ = {isa = PBXFileReference; lastKnownFileType = sourcecode.swift; path = RecipeDetail.swift; sourceTree = "<group>"; };
/* End PBXFileReference section */

/* Begin PBXFrameworksBuildPhase section */
		A48AD0FE275E7E96006B2ACF /* Frameworks */ = {
			isa = PBXFrameworksBuildPhase;
			buildActionMask = 2147483647;
			files = (
			);
			runOnlyForDeploymentPostprocessing = 0;
		};
/* End PBXFrameworksBuildPhase section */

/* Begin PBXGroup section */
		A48AD0F8275E7E96006B2ACF = {
			isa = PBXGroup;
			children = (
				A48AD103275E7E96006B2ACF /* eat */,
				A48AD102275E7E96006B2ACF /* Products */,
			);
			sourceTree = "<group>";
		};
		A48AD102275E7E96006B2ACF /* Products */ = {
			isa = PBXGroup;
			children = (
				A48AD101275E7E96006B2ACF /* eat.app */,
			);
			name = Products;
			sourceTree = "<group>";
		};
		A48AD103275E7E96006B2ACF /* eat */ = {
			isa = PBXGroup;
			children = (
				A48AD104275E7E96006B2ACF /* eatApp.swift */,
				A48AD106275E7E96006B2ACF /* Login.swift */,
				A48AD108275E7E98006B2ACF /* Assets.xcassets */,
				A48AD10A275E7E98006B2ACF /* Preview Content */,
				A48AD11227608942006B2ACF /* HomeView.swift */,
				A48AD1142760DEA7006B2ACF /* Recipes.swift */,
				A48AD1162760DED1006B2ACF /* Videos.swift */,
				A48AD11C27619263006B2ACF /* RecipeDetail.swift */,
				A478F0B52765D6FB00FFB258 /* HistoryDetail.swift */,
				A48AD1182760DEEC006B2ACF /* History.swift */,
				A48AD11A2760DF0A006B2ACF /* personal.swift */,
			);
			path = eat;
			sourceTree = "<group>";
		};
		A48AD10A275E7E98006B2ACF /* Preview Content */ = {
			isa = PBXGroup;
			children = (
				A48AD10B275E7E98006B2ACF /* Preview Assets.xcassets */,
			);
			path = "Preview Content";
			sourceTree = "<group>";
		};
/* End PBXGroup section */

/* Begin PBXNativeTarget section */
		A48AD100275E7E96006B2ACF /* eat */ = {
			isa = PBXNativeTarget;
			buildConfigurationList = A48AD10F275E7E98006B2ACF /* Build configuration list for PBXNativeTarget "eat" */;
			buildPhases = (
				A48AD0FD275E7E96006B2ACF /* Sources */,
				A48AD0FE275E7E96006B2ACF /* Frameworks */,
				A48AD0FF275E7E96006B2ACF /* Resources */,
			);
			buildRules = (
			);
			dependencies = (
			);
			name = eat;
			productName = eat;
			productReference = A48AD101275E7E96006B2ACF /* eat.app */;
			productType = "com.apple.product-type.application";
		};
/* End PBXNativeTarget section */

/* Begin PBXProject section */
		A48AD0F9275E7E96006B2ACF /* Project object */ = {
			isa = PBXProject;
			attributes = {
				BuildIndependentTargetsInParallel = 1;
				LastSwiftUpdateCheck = 1310;
				LastUpgradeCheck = 1310;
				TargetAttributes = {
					A48AD100275E7E96006B2ACF = {
						CreatedOnToolsVersion = 13.1;
					};
				};
			};
			buildConfigurationList = A48AD0FC275E7E96006B2ACF /* Build configuration list for PBXProject "eat" */;
			compatibilityVersion = "Xcode 13.0";
			developmentRegion = en;
			hasScannedForEncodings = 0;
			knownRegions = (
				en,
				Base,
			);
			mainGroup = A48AD0F8275E7E96006B2ACF;
			productRefGroup = A48AD102275E7E96006B2ACF /* Products */;
			projectDirPath = "";
			projectRoot = "";
			targets = (
				A48AD100275E7E96006B2ACF /* eat */,
			);
		};
/* End PBXProject section */

/* Begin PBXResourcesBuildPhase section */
		A48AD0FF275E7E96006B2ACF /* Resources */ = {
			isa = PBXResourcesBuildPhase;
			buildActionMask = 2147483647;
			files = (
				A48AD10C275E7E98006B2ACF /* Preview Assets.xcassets in Resources */,
				A48AD109275E7E98006B2ACF /* Assets.xcassets in Resources */,
			);
			runOnlyForDeploymentPostprocessing = 0;
		};
/* End PBXResourcesBuildPhase section */

/* Begin PBXSourcesBuildPhase section */
		A48AD0FD275E7E96006B2ACF /* Sources */ = {
			isa = PBXSourcesBuildPhase;
			buildActionMask = 2147483647;
			files = (
				A48AD11D27619263006B2ACF /* RecipeDetail.swift in Sources */,
				A48AD11B2760DF0A006B2ACF /* personal.swift in Sources */,
				A478F0B62765D6FB00FFB258 /* HistoryDetail.swift in Sources */,
				A48AD1192760DEEC006B2ACF /* History.swift in Sources */,
				A48AD11327608942006B2ACF /* HomeView.swift in Sources */,
				A48AD107275E7E96006B2ACF /* Login.swift in Sources */,
				A48AD105275E7E96006B2ACF /* eatApp.swift in Sources */,
				A48AD1172760DED1006B2ACF /* Videos.swift in Sources */,
				A48AD1152760DEA8006B2ACF /* Recipes.swift in Sources */,
			);
			runOnlyForDeploymentPostprocessing = 0;
		};
/* End PBXSourcesBuildPhase section */

/* Begin XCBuildConfiguration section */
		A48AD10D275E7E98006B2ACF /* Debug */ = {
			isa = XCBuildConfiguration;
			buildSettings = {
				ALWAYS_SEARCH_USER_PATHS = NO;
				CLANG_ANALYZER_NONNULL = YES;
				CLANG_ANALYZER_NUMBER_OBJECT_CONVERSION = YES_AGGRESSIVE;
				CLANG_CXX_LANGUAGE_STANDARD = "gnu++17";
				CLANG_CXX_LIBRARY = "libc++";
				CLANG_ENABLE_MODULES = YES;
				CLANG_ENABLE_OBJC_ARC = YES;
				CLANG_ENABLE_OBJC_WEAK = YES;
				CLANG_WARN_BLOCK_CAPTURE_AUTORELEASING = YES;
				CLANG_WARN_BOOL_CONVERSION = YES;
				CLANG_WARN_COMMA = YES;
				CLANG_WARN_CONSTANT_CONVERSION = YES;
				CLANG_WARN_DEPRECATED_OBJC_IMPLEMENTATIONS = YES;
				CLANG_WARN_DIRECT_OBJC_ISA_USAGE = YES_ERROR;
				CLANG_WARN_DOCUMENTATION_COMMENTS = YES;
				CLANG_WARN_EMPTY_BODY = YES;
				CLANG_WARN_ENUM_CONVERSION = YES;
				CLANG_WARN_INFINITE_RECURSION = YES;
				CLANG_WARN_INT_CONVERSION = YES;
				CLANG_WARN_NON_LITERAL_NULL_CONVERSION = YES;
				CLANG_WARN_OBJC_IMPLICIT_RETAIN_SELF = YES;
				CLANG_WARN_OBJC_LITERAL_CONVERSION = YES;
				CLANG_WARN_OBJC_ROOT_CLASS = YES_ERROR;
				CLANG_WARN_QUOTED_INCLUDE_IN_FRAMEWORK_HEADER = YES;
				CLANG_WARN_RANGE_LOOP_ANALYSIS = YES;
				CLANG_WARN_STRICT_PROTOTYPES = YES;
				CLANG_WARN_SUSPICIOUS_MOVE = YES;
				CLANG_WARN_UNGUARDED_AVAILABILITY = YES_AGGRESSIVE;
				CLANG_WARN_UNREACHABLE_CODE = YES;
				CLANG_WARN__DUPLICATE_METHOD_MATCH = YES;
				COPY_PHASE_STRIP = NO;
				DEBUG_INFORMATION_FORMAT = dwarf;
				ENABLE_STRICT_OBJC_MSGSEND = YES;
				ENABLE_TESTABILITY = YES;
				GCC_C_LANGUAGE_STANDARD = gnu11;
				GCC_DYNAMIC_NO_PIC = NO;
				GCC_NO_COMMON_BLOCKS = YES;
				GCC_OPTIMIZATION_LEVEL = 0;
				GCC_PREPROCESSOR_DEFINITIONS = (
					"DEBUG=1",
					"$(inherited)",
				);
				GCC_WARN_64_TO_32_BIT_CONVERSION = YES;
				GCC_WARN_ABOUT_RETURN_TYPE = YES_ERROR;
				GCC_WARN_UNDECLARED_SELECTOR = YES;
				GCC_WARN_UNINITIALIZED_AUTOS = YES_AGGRESSIVE;
				GCC_WARN_UNUSED_FUNCTION = YES;
				GCC_WARN_UNUSED_VARIABLE = YES;
				IPHONEOS_DEPLOYMENT_TARGET = 15.0;
				MTL_ENABLE_DEBUG_INFO = INCLUDE_SOURCE;
				MTL_FAST_MATH = YES;
				ONLY_ACTIVE_ARCH = YES;
				SDKROOT = iphoneos;
				SWIFT_ACTIVE_COMPILATION_CONDITIONS = DEBUG;
				SWIFT_OPTIMIZATION_LEVEL = "-Onone";
			};
			name = Debug;
		};
		A48AD10E275E7E98006B2ACF /* Release */ = {
			isa = XCBuildConfiguration;
			buildSettings = {
				ALWAYS_SEARCH_USER_PATHS = NO;
				CLANG_ANALYZER_NONNULL = YES;
				CLANG_ANALYZER_NUMBER_OBJECT_CONVERSION = YES_AGGRESSIVE;
				CLANG_CXX_LANGUAGE_STANDARD = "gnu++17";
				CLANG_CXX_LIBRARY = "libc++";
				CLANG_ENABLE_MODULES = YES;
				CLANG_ENABLE_OBJC_ARC = YES;
				CLANG_ENABLE_OBJC_WEAK = YES;
				CLANG_WARN_BLOCK_CAPTURE_AUTORELEASING = YES;
				CLANG_WARN_BOOL_CONVERSION = YES;
				CLANG_WARN_COMMA = YES;
				CLANG_WARN_CONSTANT_CONVERSION = YES;
				CLANG_WARN_DEPRECATED_OBJC_IMPLEMENTATIONS = YES;
				CLANG_WARN_DIRECT_OBJC_ISA_USAGE = YES_ERROR;
				CLANG_WARN_DOCUMENTATION_COMMENTS = YES;
				CLANG_WARN_EMPTY_BODY = YES;
				CLANG_WARN_ENUM_CONVERSION = YES;
				CLANG_WARN_INFINITE_RECURSION = YES;
				CLANG_WARN_INT_CONVERSION = YES;
				CLANG_WARN_NON_LITERAL_NULL_CONVERSION = YES;
				CLANG_WARN_OBJC_IMPLICIT_RETAIN_SELF = YES;
				CLANG_WARN_OBJC_LITERAL_CONVERSION = YES;
				CLANG_WARN_OBJC_ROOT_CLASS = YES_ERROR;
				CLANG_WARN_QUOTED_INCLUDE_IN_FRAMEWORK_HEADER = YES;
				CLANG_WARN_RANGE_LOOP_ANALYSIS = YES;
				CLANG_WARN_STRICT_PROTOTYPES = YES;
				CLANG_WARN_SUSPICIOUS_MOVE = YES;
				CLANG_WARN_UNGUARDED_AVAILABILITY = YES_AGGRESSIVE;
				CLANG_WARN_UNREACHABLE_CODE = YES;
				CLANG_WARN__DUPLICATE_METHOD_MATCH = YES;
				COPY_PHASE_STRIP = NO;
				DEBUG_INFORMATION_FORMAT = "dwarf-with-dsym";
				ENABLE_NS_ASSERTIONS = NO;
				ENABLE_STRICT_OBJC_MSGSEND = YES;
				GCC_C_LANGUAGE_STANDARD = gnu11;
				GCC_NO_COMMON_BLOCKS = YES;
				GCC_WARN_64_TO_32_BIT_CONVERSION = YES;
				GCC_WARN_ABOUT_RETURN_TYPE = YES_ERROR;
				GCC_WARN_UNDECLARED_SELECTOR = YES;
				GCC_WARN_UNINITIALIZED_AUTOS = YES_AGGRESSIVE;
				GCC_WARN_UNUSED_FUNCTION = YES;
				GCC_WARN_UNUSED_VARIABLE = YES;
				IPHONEOS_DEPLOYMENT_TARGET = 15.0;
				MTL_ENABLE_DEBUG_INFO = NO;
				MTL_FAST_MATH = YES;
				SDKROOT = iphoneos;
				SWIFT_COMPILATION_MODE = wholemodule;
				SWIFT_OPTIMIZATION_LEVEL = "-O";
				VALIDATE_PRODUCT = YES;
			};
			name = Release;
		};
		A48AD110275E7E98006B2ACF /* Debug */ = {
			isa = XCBuildConfiguration;
			buildSettings = {
				ASSETCATALOG_COMPILER_APPICON_NAME = AppIcon;
				ASSETCATALOG_COMPILER_GLOBAL_ACCENT_COLOR_NAME = AccentColor;
				CODE_SIGN_STYLE = Automatic;
				CURRENT_PROJECT_VERSION = 1;
				DEVELOPMENT_ASSET_PATHS = "\"eat/Preview Content\"";
				DEVELOPMENT_TEAM = Z839K2V56T;
				ENABLE_PREVIEWS = YES;
				GENERATE_INFOPLIST_FILE = YES;
				INFOPLIST_KEY_UIApplicationSceneManifest_Generation = YES;
				INFOPLIST_KEY_UIApplicationSupportsIndirectInputEvents = YES;
				INFOPLIST_KEY_UILaunchScreen_Generation = YES;
				INFOPLIST_KEY_UISupportedInterfaceOrientations_iPad = "UIInterfaceOrientationPortrait UIInterfaceOrientationPortraitUpsideDown UIInterfaceOrientationLandscapeLeft UIInterfaceOrientationLandscapeRight";
				INFOPLIST_KEY_UISupportedInterfaceOrientations_iPhone = "UIInterfaceOrientationPortrait UIInterfaceOrientationLandscapeLeft UIInterfaceOrientationLandscapeRight";
				LD_RUNPATH_SEARCH_PATHS = (
					"$(inherited)",
					"@executable_path/Frameworks",
				);
				MARKETING_VERSION = 1.0;
				PRODUCT_BUNDLE_IDENTIFIER = alexios.eat;
				PRODUCT_NAME = "$(TARGET_NAME)";
				SWIFT_EMIT_LOC_STRINGS = YES;
				SWIFT_VERSION = 5.0;
				TARGETED_DEVICE_FAMILY = "1,2";
			};
			name = Debug;
		};
		A48AD111275E7E98006B2ACF /* Release */ = {
			isa = XCBuildConfiguration;
			buildSettings = {
				ASSETCATALOG_COMPILER_APPICON_NAME = AppIcon;
				ASSETCATALOG_COMPILER_GLOBAL_ACCENT_COLOR_NAME = AccentColor;
				CODE_SIGN_STYLE = Automatic;
				CURRENT_PROJECT_VERSION = 1;
				DEVELOPMENT_ASSET_PATHS = "\"eat/Preview Content\"";
				DEVELOPMENT_TEAM = Z839K2V56T;
				ENABLE_PREVIEWS = YES;
				GENERATE_INFOPLIST_FILE = YES;
				INFOPLIST_KEY_UIApplicationSceneManifest_Generation = YES;
				INFOPLIST_KEY_UIApplicationSupportsIndirectInputEvents = YES;
				INFOPLIST_KEY_UILaunchScreen_Generation = YES;
				INFOPLIST_KEY_UISupportedInterfaceOrientations_iPad = "UIInterfaceOrientationPortrait UIInterfaceOrientationPortraitUpsideDown UIInterfaceOrientationLandscapeLeft UIInterfaceOrientationLandscapeRight";
				INFOPLIST_KEY_UISupportedInterfaceOrientations_iPhone = "UIInterfaceOrientationPortrait UIInterfaceOrientationLandscapeLeft UIInterfaceOrientationLandscapeRight";
				LD_RUNPATH_SEARCH_PATHS = (
					"$(inherited)",
					"@executable_path/Frameworks",
				);
				MARKETING_VERSION = 1.0;
				PRODUCT_BUNDLE_IDENTIFIER = alexios.eat;
				PRODUCT_NAME = "$(TARGET_NAME)";
				SWIFT_EMIT_LOC_STRINGS = YES;
				SWIFT_VERSION = 5.0;
				TARGETED_DEVICE_FAMILY = "1,2";
			};
			name = Release;
		};
/* End XCBuildConfiguration section */

/* Begin XCConfigurationList section */
		A48AD0FC275E7E96006B2ACF /* Build configuration list for PBXProject "eat" */ = {
			isa = XCConfigurationList;
			buildConfigurations = (
				A48AD10D275E7E98006B2ACF /* Debug */,
				A48AD10E275E7E98006B2ACF /* Release */,
			);
			defaultConfigurationIsVisible = 0;
			defaultConfigurationName = Release;
		};
		A48AD10F275E7E98006B2ACF /* Build configuration list for PBXNativeTarget "eat" */ = {
			isa = XCConfigurationList;
			buildConfigurations = (
				A48AD110275E7E98006B2ACF /* Debug */,
				A48AD111275E7E98006B2ACF /* Release */,
			);
			defaultConfigurationIsVisible = 0;
			defaultConfigurationName = Release;
		};
/* End XCConfigurationList section */
	};
	rootObject = A48AD0F9275E7E96006B2ACF /* Project object */;
}
